
Microsoft Visual Studio Solution File, Format Version 12.00
Project("{F2A71F9B-5D33-465A-A702-920D77279786}") = "sk", "sk\sk.fsproj", "{5523A861-38F2-40BC-ACD4-19AD3F00B320}"
EndProject
Global
	GlobalSection(SolutionConfigurationPlatforms) = preSolution
		Debug|Any CPU = Debug|Any CPU
		Release|Any CPU = Release|Any CPU
	EndGlobalSection
	GlobalSection(ProjectConfigurationPlatforms) = postSolution
		{5523A861-38F2-40BC-ACD4-19AD3F00B320}.Debug|Any CPU.ActiveCfg = Debug|Any CPU
		{5523A861-38F2-40BC-ACD4-19AD3F00B320}.Debug|Any CPU.Build.0 = Debug|Any CPU
		{5523A861-38F2-40BC-ACD4-19AD3F00B320}.Release|Any CPU.ActiveCfg = Release|Any CPU
		{5523A861-38F2-40BC-ACD4-19AD3F00B320}.Release|Any CPU.Build.0 = Release|Any CPU
	EndGlobalSection
EndGlobal
